
Microsoft Visual Studio Solution File, Format Version 12.00
# Visual Studio Version 17
VisualStudioVersion = 17.14.36518.9 d17.14
MinimumVisualStudioVersion = 10.0.40219.1
Project("{FAE04EC0-301F-11D3-BF4B-00C04F79EFBC}") = "Disable New Game", "Disable New Game.csproj", "{6A4EDA75-CDE1-49B1-A583-CEC4148A317D}"
EndProject
Global
	GlobalSection(SolutionConfigurationPlatforms) = preSolution
		Debug|Any CPU = Debug|Any CPU
		Release|Any CPU = Release|Any CPU
	EndGlobalSection
	GlobalSection(ProjectConfigurationPlatforms) = postSolution
		{6A4EDA75-CDE1-49B1-A583-CEC4148A317D}.Debug|Any CPU.ActiveCfg = Debug|Any CPU
		{6A4EDA75-CDE1-49B1-A583-CEC4148A317D}.Debug|Any CPU.Build.0 = Debug|Any CPU
		{6A4EDA75-CDE1-49B1-A583-CEC4148A317D}.Release|Any CPU.ActiveCfg = Release|Any CPU
		{6A4EDA75-CDE1-49B1-A583-CEC4148A317D}.Release|Any CPU.Build.0 = Release|Any CPU
	EndGlobalSection
	GlobalSection(SolutionProperties) = preSolution
		HideSolutionNode = FALSE
	EndGlobalSection
	GlobalSection(ExtensibilityGlobals) = postSolution
		SolutionGuid = {8AF47265-7F7A-4E6D-B1E1-408D9DBB3CA2}
	EndGlobalSection
EndGlobal
